%{
  "certifi": {:hex, :certifi, "1.2.0", "8305b46825dd70817e09bdc00ab26cc93409e4762b16e59cc97900f2425afdb1", [:rebar3], [], "hexpm", "92938dcef370a602387727f409670781ca9fe5a2f2cf793ab9c33ab9a04583cf"},
  "earmark": {:hex, :earmark, "1.2.4", "99b637c62a4d65a20a9fb674b8cffb8baa771c04605a80c911c4418c69b75439", [:mix], [], "hexpm", "1b34655872366414f69dd987cb121c049f76984b6ac69f52fff6d8fd64d29cfd"},
  "ex_doc": {:hex, :ex_doc, "0.18.2", "993e0a95e9fbb790ac54ea58e700b45b299bd48bc44b4ae0404f28161f37a83e", [:mix], [{:earmark, "~> 1.1", [hex: :earmark, repo: "hexpm", optional: false]}], "hexpm", "eacdfd22d5c7e5f3fda086214c69a8b6ca4298ad90d99f399d591f14eead6a61"},
  "exjsx": {:hex, :exjsx, "3.2.1", "1bc5bf1e4fd249104178f0885030bcd75a4526f4d2a1e976f4b428d347614f0f", [:mix], [{:jsx, "~> 2.8.0", [hex: :jsx, repo: "hexpm", optional: false]}], "hexpm", "b55727b206dab96feb025267e5c122ddb448f55b6648f9156b8d481215d80290"},
  "hackney": {:hex, :hackney, "1.8.2", "429ecab2e142a7463b962f3ce98e22ef4e6581d67e2197154c3f4b071a4da691", [:rebar3], [{:certifi, "1.2.0", [hex: :certifi, repo: "hexpm", optional: false]}, {:idna, "5.0.0", [hex: :idna, repo: "hexpm", optional: false]}, {:metrics, "1.0.1", [hex: :metrics, repo: "hexpm", optional: false]}, {:mimerl, "1.0.2", [hex: :mimerl, repo: "hexpm", optional: false]}, {:ssl_verify_fun, "1.1.1", [hex: :ssl_verify_fun, repo: "hexpm", optional: false]}], "hexpm", "1d17482a1192e3feedff651ba343e329c979364713f24c4ae4f25fb2fdd96837"},
  "httpoison": {:hex, :httpoison, "0.11.2", "9e59f17a473ef6948f63c51db07320477bad8ba88cf1df60a3eee01150306665", [:mix], [{:hackney, "~> 1.8.0", [hex: :hackney, repo: "hexpm", optional: false]}], "hexpm", "5dfd296f1deca14329e9ef864db14f91c56c61a1ad297dde8365d108b6f2ce3d"},
  "idna": {:hex, :idna, "5.0.0", "e0b3003bd7fe9b3be59b9c96333e7e1d71c20f361a0de178c3969bd3077aebea", [:rebar3], [], "hexpm", "01fd85c6963d484d33f01c5372643087b44cbbb5e9b98bccd7be361154c11ce8"},
  "jsx": {:hex, :jsx, "2.8.3", "a05252d381885240744d955fbe3cf810504eb2567164824e19303ea59eef62cf", [:mix, :rebar3], [], "hexpm", "fc3499fed7a726995aa659143a248534adc754ebd16ccd437cd93b649a95091f"},
  "meck": {:hex, :meck, "0.8.9", "64c5c0bd8bcca3a180b44196265c8ed7594e16bcc845d0698ec6b4e577f48188", [:rebar3], [], "hexpm", "5eb607516f4a644324f130d2ad8893d4097020e8d6097193d9f7be55ee8d00d6"},
  "metrics": {:hex, :metrics, "1.0.1", "25f094dea2cda98213cecc3aeff09e940299d950904393b2a29d191c346a8486", [:rebar3], [], "hexpm", "69b09adddc4f74a40716ae54d140f93beb0fb8978d8636eaded0c31b6f099f16"},
  "mimerl": {:hex, :mimerl, "1.0.2", "993f9b0e084083405ed8252b99460c4f0563e41729ab42d9074fd5e52439be88", [:rebar3], [], "hexpm", "7a4c8e1115a2732a67d7624e28cf6c9f30c66711a9e92928e745c255887ba465"},
  "mock": {:hex, :mock, "0.3.1", "994f00150f79a0ea50dc9d86134cd9ebd0d177ad60bd04d1e46336cdfdb98ff9", [:mix], [{:meck, "~> 0.8.8", [hex: :meck, repo: "hexpm", optional: false]}], "hexpm", "dda3bf758218e7c6179c658b7a12f01271e68b2551c1bfdd70b8ea2178ef8a6e"},
  "signaturex": {:hex, :signaturex, "1.0.1", "72cd88ff242d8b41d49920dadb09be46f3421b0cedce26040716697753f0e44a", [:mix], [], "hexpm", "a8cb1b527026288dcb8d72a351e784c00cbd6e08964109595f08d85f41f022cc"},
  "ssl_verify_fun": {:hex, :ssl_verify_fun, "1.1.1", "28a4d65b7f59893bc2c7de786dec1e1555bd742d336043fe644ae956c3497fbe", [:make, :rebar], [], "hexpm", "4f8805eb5c8a939cf2359367cb651a3180b27dfb48444846be2613d79355d65e"},
  "unicode_util_compat": {:hex, :unicode_util_compat, "0.3.1", "a1f612a7b512638634a603c8f401892afbf99b8ce93a45041f8aaca99cadb85e", [:rebar3], [], "hexpm", "da1d9bef8a092cc7e1e51f1298037a5ddfb0f657fe862dfe7ba4c5807b551c29"},
}
